
Microsoft Visual Studio Solution File, Format Version 12.00
# Visual Studio Version 16
VisualStudioVersion = 16.0.30114.105
MinimumVisualStudioVersion = 10.0.40219.1
Project("{FAE04EC0-301F-11D3-BF4B-00C04F79EFBC}") = "PodcastFeedGenerator", "PodcastFeedGenerator\PodcastFeedGenerator.csproj", "{013DBCD4-21BD-4CAD-B52E-8576D408CA6D}"
EndProject
Global
	GlobalSection(SolutionConfigurationPlatforms) = preSolution
		Debug|Any CPU = Debug|Any CPU
		Release|Any CPU = Release|Any CPU
	EndGlobalSection
	GlobalSection(ProjectConfigurationPlatforms) = postSolution
		{013DBCD4-21BD-4CAD-B52E-8576D408CA6D}.Debug|Any CPU.ActiveCfg = Debug|Any CPU
		{013DBCD4-21BD-4CAD-B52E-8576D408CA6D}.Debug|Any CPU.Build.0 = Debug|Any CPU
		{013DBCD4-21BD-4CAD-B52E-8576D408CA6D}.Release|Any CPU.ActiveCfg = Release|Any CPU
		{013DBCD4-21BD-4CAD-B52E-8576D408CA6D}.Release|Any CPU.Build.0 = Release|Any CPU
	EndGlobalSection
	GlobalSection(SolutionProperties) = preSolution
		HideSolutionNode = FALSE
	EndGlobalSection
	GlobalSection(ExtensibilityGlobals) = postSolution
		SolutionGuid = {D2EE9F19-147A-4737-88C9-57E9C2AB615B}
	EndGlobalSection
EndGlobal
