
Microsoft Visual Studio Solution File, Format Version 12.00
# Visual Studio Version 17
VisualStudioVersion = 17.3.32825.248
MinimumVisualStudioVersion = 10.0.40219.1
Project("{FAE04EC0-301F-11D3-BF4B-00C04F79EFBC}") = "PodcastFeedGenerator", "PodcastFeedGenerator\PodcastFeedGenerator.csproj", "{013DBCD4-21BD-4CAD-B52E-8576D408CA6D}"
EndProject
Project("{FAE04EC0-301F-11D3-BF4B-00C04F79EFBC}") = "PodcastFeedEditor", "PodcastFeedEditor\PodcastFeedEditor.csproj", "{A23119B6-BB91-4099-88ED-FB151117E028}"
EndProject
Project("{2150E333-8FDC-42A3-9474-1A3956D46DE8}") = "Solution Items", "Solution Items", "{E4BAA3B1-3747-4924-AFA9-18831862AFBA}"
	ProjectSection(SolutionItems) = preProject
		README.md = README.md
	EndProjectSection
EndProject
Global
	GlobalSection(SolutionConfigurationPlatforms) = preSolution
		Debug|Any CPU = Debug|Any CPU
		Release|Any CPU = Release|Any CPU
	EndGlobalSection
	GlobalSection(ProjectConfigurationPlatforms) = postSolution
		{013DBCD4-21BD-4CAD-B52E-8576D408CA6D}.Debug|Any CPU.ActiveCfg = Debug|Any CPU
		{013DBCD4-21BD-4CAD-B52E-8576D408CA6D}.Debug|Any CPU.Build.0 = Debug|Any CPU
		{013DBCD4-21BD-4CAD-B52E-8576D408CA6D}.Release|Any CPU.ActiveCfg = Release|Any CPU
		{013DBCD4-21BD-4CAD-B52E-8576D408CA6D}.Release|Any CPU.Build.0 = Release|Any CPU
		{A23119B6-BB91-4099-88ED-FB151117E028}.Debug|Any CPU.ActiveCfg = Debug|Any CPU
		{A23119B6-BB91-4099-88ED-FB151117E028}.Debug|Any CPU.Build.0 = Debug|Any CPU
		{A23119B6-BB91-4099-88ED-FB151117E028}.Release|Any CPU.ActiveCfg = Release|Any CPU
		{A23119B6-BB91-4099-88ED-FB151117E028}.Release|Any CPU.Build.0 = Release|Any CPU
	EndGlobalSection
	GlobalSection(SolutionProperties) = preSolution
		HideSolutionNode = FALSE
	EndGlobalSection
	GlobalSection(ExtensibilityGlobals) = postSolution
		SolutionGuid = {D2EE9F19-147A-4737-88C9-57E9C2AB615B}
	EndGlobalSection
EndGlobal
